
Microsoft Visual Studio Solution File, Format Version 12.00
# Visual Studio Version 16
VisualStudioVersion = 16.0.810.11
MinimumVisualStudioVersion = 10.0.40219.1
Project("{FAE04EC0-301F-11D3-BF4B-00C04F79EFBC}") = "BudgetHouse", "BudgetHouse\BudgetHouse.csproj", "{C3730A7D-94B3-466D-82E7-27BE05767C58}"
EndProject
Global
	GlobalSection(SolutionConfigurationPlatforms) = preSolution
		Debug|Any CPU = Debug|Any CPU
		Release|Any CPU = Release|Any CPU
	EndGlobalSection
	GlobalSection(ProjectConfigurationPlatforms) = postSolution
		{C3730A7D-94B3-466D-82E7-27BE05767C58}.Debug|Any CPU.ActiveCfg = Debug|Any CPU
		{C3730A7D-94B3-466D-82E7-27BE05767C58}.Debug|Any CPU.Build.0 = Debug|Any CPU
		{C3730A7D-94B3-466D-82E7-27BE05767C58}.Release|Any CPU.ActiveCfg = Release|Any CPU
		{C3730A7D-94B3-466D-82E7-27BE05767C58}.Release|Any CPU.Build.0 = Release|Any CPU
	EndGlobalSection
	GlobalSection(SolutionProperties) = preSolution
		HideSolutionNode = FALSE
	EndGlobalSection
	GlobalSection(ExtensibilityGlobals) = postSolution
		SolutionGuid = {69FB8940-50BC-451B-8BC5-E20C6DEB7BDB}
	EndGlobalSection
EndGlobal
